# Generated by pub
# See http://pub.dartlang.org/doc/glossary.html#lockfile
packages:
  browser:
    description: browser
    source: hosted
    version: "0.8.1"
  crypto:
    description: crypto
    source: hosted
    version: "0.8.1"
  google_fusiontables_v1_api:
    description: google_fusiontables_v1_api
    source: hosted
    version: "0.3.8"
  google_maps:
    description: google_maps
    source: hosted
    version: "1.1.13"
  google_oauth2_client:
    description: google_oauth2_client
    source: hosted
    version: "0.2.17"
  http:
    description: http
    source: hosted
    version: "0.8.1"
  js:
    description: js
    source: hosted
    version: "0.0.25"
  lawndart:
    description: lawndart
    source: hosted
    version: "0.6.1"
  meta:
    description: meta
    source: hosted
    version: "0.8.1"
  oauth2:
    description: oauth2
    source: hosted
    version: "0.8.1"
  path:
    description: path
    source: hosted
    version: "0.8.1"
